
Microsoft Visual Studio Solution File, Format Version 12.00
# Visual Studio 15
VisualStudioVersion = 15.0.27004.2009
MinimumVisualStudioVersion = 10.0.40219.1
Project("{FAE04EC0-301F-11D3-BF4B-00C04F79EFBC}") = "FunctionalConfiguration", "FunctionalConfiguration\FunctionalConfiguration.csproj", "{D3BA20B4-76DC-46FC-A368-61CE7BD7AF34}"
EndProject
Global
	GlobalSection(SolutionConfigurationPlatforms) = preSolution
		Debug|Any CPU = Debug|Any CPU
		Release|Any CPU = Release|Any CPU
	EndGlobalSection
	GlobalSection(ProjectConfigurationPlatforms) = postSolution
		{D3BA20B4-76DC-46FC-A368-61CE7BD7AF34}.Debug|Any CPU.ActiveCfg = Debug|Any CPU
		{D3BA20B4-76DC-46FC-A368-61CE7BD7AF34}.Debug|Any CPU.Build.0 = Debug|Any CPU
		{D3BA20B4-76DC-46FC-A368-61CE7BD7AF34}.Release|Any CPU.ActiveCfg = Release|Any CPU
		{D3BA20B4-76DC-46FC-A368-61CE7BD7AF34}.Release|Any CPU.Build.0 = Release|Any CPU
	EndGlobalSection
	GlobalSection(SolutionProperties) = preSolution
		HideSolutionNode = FALSE
	EndGlobalSection
	GlobalSection(ExtensibilityGlobals) = postSolution
		SolutionGuid = {B49E6AC1-A5D4-479D-BE58-EAD3EED1A828}
	EndGlobalSection
EndGlobal
